{
	"name": "@pg-tools/sql",
	"version": "0.0.1",
	"lockfileVersion": 1,
	"requires": true,
	"dependencies": {
		"@types/node": {
			"version": "14.14.12",
			"resolved": "https://registry.npmjs.org/@types/node/-/node-14.14.12.tgz",
			"integrity": "sha512-ASH8OPHMNlkdjrEdmoILmzFfsJICvhBsFfAum4aKZ/9U4B6M6tTmTPh+f3ttWdD74CEGV5XvXWkbyfSdXaTd7g==",
			"dev": true
		},
		"@types/pg": {
			"version": "7.14.7",
			"resolved": "https://registry.npmjs.org/@types/pg/-/pg-7.14.7.tgz",
			"integrity": "sha512-ZnMOUidTP6Lwsb0bxHL6PVIL1lVC2CYNQWlA79kQ6nn0rK1/ynvkyN1wsR9pVZaP4WcCNioKT/2aU5UuLIQy2w==",
			"dev": true,
			"requires": {
				"@types/node": "*",
				"@types/pg-types": "*"
			}
		},
		"@types/pg-types": {
			"version": "1.11.5",
			"resolved": "https://registry.npmjs.org/@types/pg-types/-/pg-types-1.11.5.tgz",
			"integrity": "sha512-L8ogeT6vDzT1vxlW3KITTCt+BVXXVkLXfZ/XNm6UqbcJgxf+KPO7yjWx7dQQE8RW07KopL10x2gNMs41+IkMGQ==",
			"dev": true
		}
	}
}
